{
  "name": "InterIntel",
  "lockfileVersion": 2,
  "requires": true,
  "packages": {
    "": {
      "dependencies": {
        "uwsgi": "^0.0.1"
      }
    },
    "node_modules/uwsgi": {
      "version": "0.0.1",
      "resolved": "https://registry.npmjs.org/uwsgi/-/uwsgi-0.0.1.tgz",
      "integrity": "sha512-xsBGtPEdjS7vsgyPd2XRryw893lP3SnGpQBhYNop9d0pa4oEjFbDQunbR2vqGsy5635BHVBDOahnC1K1+ljVYQ=="
    }
  },
  "dependencies": {
    "uwsgi": {
      "version": "0.0.1",
      "resolved": "https://registry.npmjs.org/uwsgi/-/uwsgi-0.0.1.tgz",
      "integrity": "sha512-xsBGtPEdjS7vsgyPd2XRryw893lP3SnGpQBhYNop9d0pa4oEjFbDQunbR2vqGsy5635BHVBDOahnC1K1+ljVYQ=="
    }
  }
}
